
Microsoft Visual Studio Solution File, Format Version 12.00
# Visual Studio Version 16
VisualStudioVersion = 16.0.30011.22
MinimumVisualStudioVersion = 10.0.40219.1
Project("{2150E333-8FDC-42A3-9474-1A3956D46DE8}") = "src", "src", "{8B0D1AA7-8148-4255-908D-F7DF31C45EDD}"
EndProject
Project("{2150E333-8FDC-42A3-9474-1A3956D46DE8}") = "tests", "tests", "{7C89114F-A737-404C-AA35-768180DD7A79}"
EndProject
Project("{2150E333-8FDC-42A3-9474-1A3956D46DE8}") = "demos", "demos", "{96F3F6C6-DD26-4555-A2D1-9F9C6BB15689}"
EndProject
Project("{9A19103F-16F7-4668-BE54-9A1E7A4F7556}") = "AspNetCore.Extensions", "src\AspNetCore.Extensions\AspNetCore.Extensions.csproj", "{F52FE0DA-D691-445F-A0D1-7062A0AB8825}"
EndProject
Project("{9A19103F-16F7-4668-BE54-9A1E7A4F7556}") = "AspNetCore.Extensions.Testing", "src\AspNetCore.Extensions.Testing\AspNetCore.Extensions.Testing.csproj", "{6E452C8A-C9A1-4B3B-8E63-FF2224D1CB0A}"
EndProject
Project("{9A19103F-16F7-4668-BE54-9A1E7A4F7556}") = "AspNetCore.Extensions.Tests", "tests\AspNetCore.Extensions.Tests\AspNetCore.Extensions.Tests.csproj", "{9F9B050B-712D-4507-9EB6-D8649762AE8C}"
EndProject
Project("{9A19103F-16F7-4668-BE54-9A1E7A4F7556}") = "AspNetCore.Extensions.Testing.Tests", "tests\AspNetCore.Extensions.Testing.Tests\AspNetCore.Extensions.Testing.Tests.csproj", "{8DFDE99D-B01E-4B6E-A213-04CCC56F99FA}"
EndProject
Project("{9A19103F-16F7-4668-BE54-9A1E7A4F7556}") = "AspNetCore.Extensions.Demos", "demos\AspNetCore.Extensions.Demos\AspNetCore.Extensions.Demos.csproj", "{E3220F32-4AF0-4198-BB5B-08A54ADEB019}"
EndProject
Project("{9A19103F-16F7-4668-BE54-9A1E7A4F7556}") = "AspNetCore.Extensions.Testing.Demos", "demos\AspNetCore.Extensions.Testing.Demos\AspNetCore.Extensions.Testing.Demos.csproj", "{11B46FB8-75B9-4EA5-A6F3-14B8ABA835DD}"
EndProject
Project("{9A19103F-16F7-4668-BE54-9A1E7A4F7556}") = "AspNetCore.Extensions.Testing.Demos.TestApp", "demos\AspNetCore.Extensions.Testing.Demos.TestApp\AspNetCore.Extensions.Testing.Demos.TestApp.csproj", "{2FC166E7-F43A-46F9-95E4-A6B2F0D66F28}"
EndProject
Global
	GlobalSection(SolutionConfigurationPlatforms) = preSolution
		Debug|Any CPU = Debug|Any CPU
		Release|Any CPU = Release|Any CPU
	EndGlobalSection
	GlobalSection(ProjectConfigurationPlatforms) = postSolution
		{F52FE0DA-D691-445F-A0D1-7062A0AB8825}.Debug|Any CPU.ActiveCfg = Debug|Any CPU
		{F52FE0DA-D691-445F-A0D1-7062A0AB8825}.Debug|Any CPU.Build.0 = Debug|Any CPU
		{F52FE0DA-D691-445F-A0D1-7062A0AB8825}.Release|Any CPU.ActiveCfg = Release|Any CPU
		{F52FE0DA-D691-445F-A0D1-7062A0AB8825}.Release|Any CPU.Build.0 = Release|Any CPU
		{6E452C8A-C9A1-4B3B-8E63-FF2224D1CB0A}.Debug|Any CPU.ActiveCfg = Debug|Any CPU
		{6E452C8A-C9A1-4B3B-8E63-FF2224D1CB0A}.Debug|Any CPU.Build.0 = Debug|Any CPU
		{6E452C8A-C9A1-4B3B-8E63-FF2224D1CB0A}.Release|Any CPU.ActiveCfg = Release|Any CPU
		{6E452C8A-C9A1-4B3B-8E63-FF2224D1CB0A}.Release|Any CPU.Build.0 = Release|Any CPU
		{9F9B050B-712D-4507-9EB6-D8649762AE8C}.Debug|Any CPU.ActiveCfg = Debug|Any CPU
		{9F9B050B-712D-4507-9EB6-D8649762AE8C}.Debug|Any CPU.Build.0 = Debug|Any CPU
		{9F9B050B-712D-4507-9EB6-D8649762AE8C}.Release|Any CPU.ActiveCfg = Release|Any CPU
		{9F9B050B-712D-4507-9EB6-D8649762AE8C}.Release|Any CPU.Build.0 = Release|Any CPU
		{8DFDE99D-B01E-4B6E-A213-04CCC56F99FA}.Debug|Any CPU.ActiveCfg = Debug|Any CPU
		{8DFDE99D-B01E-4B6E-A213-04CCC56F99FA}.Debug|Any CPU.Build.0 = Debug|Any CPU
		{8DFDE99D-B01E-4B6E-A213-04CCC56F99FA}.Release|Any CPU.ActiveCfg = Release|Any CPU
		{8DFDE99D-B01E-4B6E-A213-04CCC56F99FA}.Release|Any CPU.Build.0 = Release|Any CPU
		{E3220F32-4AF0-4198-BB5B-08A54ADEB019}.Debug|Any CPU.ActiveCfg = Debug|Any CPU
		{E3220F32-4AF0-4198-BB5B-08A54ADEB019}.Debug|Any CPU.Build.0 = Debug|Any CPU
		{E3220F32-4AF0-4198-BB5B-08A54ADEB019}.Release|Any CPU.ActiveCfg = Release|Any CPU
		{E3220F32-4AF0-4198-BB5B-08A54ADEB019}.Release|Any CPU.Build.0 = Release|Any CPU
		{11B46FB8-75B9-4EA5-A6F3-14B8ABA835DD}.Debug|Any CPU.ActiveCfg = Debug|Any CPU
		{11B46FB8-75B9-4EA5-A6F3-14B8ABA835DD}.Debug|Any CPU.Build.0 = Debug|Any CPU
		{11B46FB8-75B9-4EA5-A6F3-14B8ABA835DD}.Release|Any CPU.ActiveCfg = Release|Any CPU
		{11B46FB8-75B9-4EA5-A6F3-14B8ABA835DD}.Release|Any CPU.Build.0 = Release|Any CPU
		{2FC166E7-F43A-46F9-95E4-A6B2F0D66F28}.Debug|Any CPU.ActiveCfg = Debug|Any CPU
		{2FC166E7-F43A-46F9-95E4-A6B2F0D66F28}.Debug|Any CPU.Build.0 = Debug|Any CPU
		{2FC166E7-F43A-46F9-95E4-A6B2F0D66F28}.Release|Any CPU.ActiveCfg = Release|Any CPU
		{2FC166E7-F43A-46F9-95E4-A6B2F0D66F28}.Release|Any CPU.Build.0 = Release|Any CPU
	EndGlobalSection
	GlobalSection(SolutionProperties) = preSolution
		HideSolutionNode = FALSE
	EndGlobalSection
	GlobalSection(NestedProjects) = preSolution
		{F52FE0DA-D691-445F-A0D1-7062A0AB8825} = {8B0D1AA7-8148-4255-908D-F7DF31C45EDD}
		{6E452C8A-C9A1-4B3B-8E63-FF2224D1CB0A} = {8B0D1AA7-8148-4255-908D-F7DF31C45EDD}
		{9F9B050B-712D-4507-9EB6-D8649762AE8C} = {7C89114F-A737-404C-AA35-768180DD7A79}
		{8DFDE99D-B01E-4B6E-A213-04CCC56F99FA} = {7C89114F-A737-404C-AA35-768180DD7A79}
		{E3220F32-4AF0-4198-BB5B-08A54ADEB019} = {96F3F6C6-DD26-4555-A2D1-9F9C6BB15689}
		{11B46FB8-75B9-4EA5-A6F3-14B8ABA835DD} = {96F3F6C6-DD26-4555-A2D1-9F9C6BB15689}
		{2FC166E7-F43A-46F9-95E4-A6B2F0D66F28} = {96F3F6C6-DD26-4555-A2D1-9F9C6BB15689}
	EndGlobalSection
	GlobalSection(ExtensibilityGlobals) = postSolution
		SolutionGuid = {65456DA1-F5FE-4275-8D53-478134077B96}
	EndGlobalSection
EndGlobal
