
Microsoft Visual Studio Solution File, Format Version 12.00
# Visual Studio Version 16
VisualStudioVersion = 16.0.30011.22
MinimumVisualStudioVersion = 10.0.40219.1
Project("{2150E333-8FDC-42A3-9474-1A3956D46DE8}") = "src", "src", "{8B0D1AA7-8148-4255-908D-F7DF31C45EDD}"
EndProject
Project("{2150E333-8FDC-42A3-9474-1A3956D46DE8}") = "tests", "tests", "{7C89114F-A737-404C-AA35-768180DD7A79}"
EndProject
Project("{2150E333-8FDC-42A3-9474-1A3956D46DE8}") = "demos", "demos", "{96F3F6C6-DD26-4555-A2D1-9F9C6BB15689}"
EndProject
Project("{9A19103F-16F7-4668-BE54-9A1E7A4F7556}") = "DotNet.Sdk.Extensions", "src\DotNet.Sdk.Extensions\DotNet.Sdk.Extensions.csproj", "{C1D78FC0-5790-468A-91BE-FFD3476B2448}"
EndProject
Project("{9A19103F-16F7-4668-BE54-9A1E7A4F7556}") = "DotNet.Sdk.Extensions.Testing", "src\DotNet.Sdk.Extensions.Testing\DotNet.Sdk.Extensions.Testing.csproj", "{0EF7252E-914C-4C6E-9F27-9AC7C5E9391A}"
EndProject
Project("{9A19103F-16F7-4668-BE54-9A1E7A4F7556}") = "DotNet.Sdk.Extensions.Testing.Tests", "tests\DotNet.Sdk.Extensions.Testing.Tests\DotNet.Sdk.Extensions.Testing.Tests.csproj", "{C6430AC9-FCD1-412E-930A-03E9448BEE3F}"
EndProject
Project("{9A19103F-16F7-4668-BE54-9A1E7A4F7556}") = "DotNet.Sdk.Extensions.Tests", "tests\DotNet.Sdk.Extensions.Tests\DotNet.Sdk.Extensions.Tests.csproj", "{A0FCA022-75FD-4C41-9CB3-15912842149F}"
EndProject
Project("{2150E333-8FDC-42A3-9474-1A3956D46DE8}") = "guides", "guides", "{1A659526-E59B-46E7-A09A-2FCA65ECC1E6}"
EndProject
Project("{9A19103F-16F7-4668-BE54-9A1E7A4F7556}") = "ConsoleAppWithGenericHost", "demos\guides\ConsoleAppWithGenericHost\ConsoleAppWithGenericHost.csproj", "{C2121167-021C-4EA2-85A8-6E451213FC9B}"
EndProject
Project("{9A19103F-16F7-4668-BE54-9A1E7A4F7556}") = "ConsoleAppWithGenericHost2", "demos\guides\ConsoleAppWithGenericHost2\ConsoleAppWithGenericHost2.csproj", "{A59B5F06-C443-4FB2-B051-0E1A771D74EF}"
EndProject
Project("{9A19103F-16F7-4668-BE54-9A1E7A4F7556}") = "AWSLambdaWithGenericHost", "demos\guides\AWSLambdaWithGenericHost\AWSLambdaWithGenericHost.csproj", "{D6CAB867-4611-4B76-BE8C-260D1E02F1A8}"
EndProject
Project("{9A19103F-16F7-4668-BE54-9A1E7A4F7556}") = "AWSLambdaWithGenericHost2", "demos\guides\AWSLambdaWithGenericHost2\AWSLambdaWithGenericHost2.csproj", "{1D998DEC-0587-4168-98E6-F3469CD068E2}"
EndProject
Project("{2150E333-8FDC-42A3-9474-1A3956D46DE8}") = "extensions-demos", "extensions-demos", "{3949EAF2-0FFB-4B1B-84C6-C8BEAEE1656F}"
EndProject
Project("{2150E333-8FDC-42A3-9474-1A3956D46DE8}") = "extensions-testing-demos", "extensions-testing-demos", "{CFCC86C1-CAE0-48B9-BC37-0F7E05943A47}"
EndProject
Project("{9A19103F-16F7-4668-BE54-9A1E7A4F7556}") = "DotNet.Sdk.Extensions.Testing.Demos", "demos\extensions-testing-demos\DotNet.Sdk.Extensions.Testing.Demos\DotNet.Sdk.Extensions.Testing.Demos.csproj", "{FD1C7CD7-A1C7-443F-9061-27F57238413B}"
EndProject
Project("{2150E333-8FDC-42A3-9474-1A3956D46DE8}") = "options", "options", "{C42C0D8C-EE01-466A-8957-45AC7F485296}"
EndProject
Project("{9A19103F-16F7-4668-BE54-9A1E7A4F7556}") = "EagerOptionsValidation", "demos\extensions-demos\options\EagerOptionsValidation\EagerOptionsValidation.csproj", "{D6D4F949-2969-4988-9B0E-49218B485133}"
EndProject
Project("{9A19103F-16F7-4668-BE54-9A1E7A4F7556}") = "OptionsValue", "demos\extensions-demos\options\OptionsValue\OptionsValue.csproj", "{ED2E2451-A180-4482-B71B-33621AE80D56}"
EndProject
Global
	GlobalSection(SolutionConfigurationPlatforms) = preSolution
		Debug|Any CPU = Debug|Any CPU
		Release|Any CPU = Release|Any CPU
	EndGlobalSection
	GlobalSection(ProjectConfigurationPlatforms) = postSolution
		{C1D78FC0-5790-468A-91BE-FFD3476B2448}.Debug|Any CPU.ActiveCfg = Debug|Any CPU
		{C1D78FC0-5790-468A-91BE-FFD3476B2448}.Debug|Any CPU.Build.0 = Debug|Any CPU
		{C1D78FC0-5790-468A-91BE-FFD3476B2448}.Release|Any CPU.ActiveCfg = Release|Any CPU
		{C1D78FC0-5790-468A-91BE-FFD3476B2448}.Release|Any CPU.Build.0 = Release|Any CPU
		{0EF7252E-914C-4C6E-9F27-9AC7C5E9391A}.Debug|Any CPU.ActiveCfg = Debug|Any CPU
		{0EF7252E-914C-4C6E-9F27-9AC7C5E9391A}.Debug|Any CPU.Build.0 = Debug|Any CPU
		{0EF7252E-914C-4C6E-9F27-9AC7C5E9391A}.Release|Any CPU.ActiveCfg = Release|Any CPU
		{0EF7252E-914C-4C6E-9F27-9AC7C5E9391A}.Release|Any CPU.Build.0 = Release|Any CPU
		{C6430AC9-FCD1-412E-930A-03E9448BEE3F}.Debug|Any CPU.ActiveCfg = Debug|Any CPU
		{C6430AC9-FCD1-412E-930A-03E9448BEE3F}.Debug|Any CPU.Build.0 = Debug|Any CPU
		{C6430AC9-FCD1-412E-930A-03E9448BEE3F}.Release|Any CPU.ActiveCfg = Release|Any CPU
		{C6430AC9-FCD1-412E-930A-03E9448BEE3F}.Release|Any CPU.Build.0 = Release|Any CPU
		{A0FCA022-75FD-4C41-9CB3-15912842149F}.Debug|Any CPU.ActiveCfg = Debug|Any CPU
		{A0FCA022-75FD-4C41-9CB3-15912842149F}.Debug|Any CPU.Build.0 = Debug|Any CPU
		{A0FCA022-75FD-4C41-9CB3-15912842149F}.Release|Any CPU.ActiveCfg = Release|Any CPU
		{A0FCA022-75FD-4C41-9CB3-15912842149F}.Release|Any CPU.Build.0 = Release|Any CPU
		{C2121167-021C-4EA2-85A8-6E451213FC9B}.Debug|Any CPU.ActiveCfg = Debug|Any CPU
		{C2121167-021C-4EA2-85A8-6E451213FC9B}.Debug|Any CPU.Build.0 = Debug|Any CPU
		{C2121167-021C-4EA2-85A8-6E451213FC9B}.Release|Any CPU.ActiveCfg = Release|Any CPU
		{C2121167-021C-4EA2-85A8-6E451213FC9B}.Release|Any CPU.Build.0 = Release|Any CPU
		{A59B5F06-C443-4FB2-B051-0E1A771D74EF}.Debug|Any CPU.ActiveCfg = Debug|Any CPU
		{A59B5F06-C443-4FB2-B051-0E1A771D74EF}.Debug|Any CPU.Build.0 = Debug|Any CPU
		{A59B5F06-C443-4FB2-B051-0E1A771D74EF}.Release|Any CPU.ActiveCfg = Release|Any CPU
		{A59B5F06-C443-4FB2-B051-0E1A771D74EF}.Release|Any CPU.Build.0 = Release|Any CPU
		{D6CAB867-4611-4B76-BE8C-260D1E02F1A8}.Debug|Any CPU.ActiveCfg = Debug|Any CPU
		{D6CAB867-4611-4B76-BE8C-260D1E02F1A8}.Debug|Any CPU.Build.0 = Debug|Any CPU
		{D6CAB867-4611-4B76-BE8C-260D1E02F1A8}.Release|Any CPU.ActiveCfg = Release|Any CPU
		{D6CAB867-4611-4B76-BE8C-260D1E02F1A8}.Release|Any CPU.Build.0 = Release|Any CPU
		{1D998DEC-0587-4168-98E6-F3469CD068E2}.Debug|Any CPU.ActiveCfg = Debug|Any CPU
		{1D998DEC-0587-4168-98E6-F3469CD068E2}.Debug|Any CPU.Build.0 = Debug|Any CPU
		{1D998DEC-0587-4168-98E6-F3469CD068E2}.Release|Any CPU.ActiveCfg = Release|Any CPU
		{1D998DEC-0587-4168-98E6-F3469CD068E2}.Release|Any CPU.Build.0 = Release|Any CPU
		{FD1C7CD7-A1C7-443F-9061-27F57238413B}.Debug|Any CPU.ActiveCfg = Debug|Any CPU
		{FD1C7CD7-A1C7-443F-9061-27F57238413B}.Debug|Any CPU.Build.0 = Debug|Any CPU
		{FD1C7CD7-A1C7-443F-9061-27F57238413B}.Release|Any CPU.ActiveCfg = Release|Any CPU
		{FD1C7CD7-A1C7-443F-9061-27F57238413B}.Release|Any CPU.Build.0 = Release|Any CPU
		{D6D4F949-2969-4988-9B0E-49218B485133}.Debug|Any CPU.ActiveCfg = Debug|Any CPU
		{D6D4F949-2969-4988-9B0E-49218B485133}.Debug|Any CPU.Build.0 = Debug|Any CPU
		{D6D4F949-2969-4988-9B0E-49218B485133}.Release|Any CPU.ActiveCfg = Release|Any CPU
		{D6D4F949-2969-4988-9B0E-49218B485133}.Release|Any CPU.Build.0 = Release|Any CPU
		{ED2E2451-A180-4482-B71B-33621AE80D56}.Debug|Any CPU.ActiveCfg = Debug|Any CPU
		{ED2E2451-A180-4482-B71B-33621AE80D56}.Debug|Any CPU.Build.0 = Debug|Any CPU
		{ED2E2451-A180-4482-B71B-33621AE80D56}.Release|Any CPU.ActiveCfg = Release|Any CPU
		{ED2E2451-A180-4482-B71B-33621AE80D56}.Release|Any CPU.Build.0 = Release|Any CPU
	EndGlobalSection
	GlobalSection(SolutionProperties) = preSolution
		HideSolutionNode = FALSE
	EndGlobalSection
	GlobalSection(NestedProjects) = preSolution
		{C1D78FC0-5790-468A-91BE-FFD3476B2448} = {8B0D1AA7-8148-4255-908D-F7DF31C45EDD}
		{0EF7252E-914C-4C6E-9F27-9AC7C5E9391A} = {8B0D1AA7-8148-4255-908D-F7DF31C45EDD}
		{C6430AC9-FCD1-412E-930A-03E9448BEE3F} = {7C89114F-A737-404C-AA35-768180DD7A79}
		{A0FCA022-75FD-4C41-9CB3-15912842149F} = {7C89114F-A737-404C-AA35-768180DD7A79}
		{1A659526-E59B-46E7-A09A-2FCA65ECC1E6} = {96F3F6C6-DD26-4555-A2D1-9F9C6BB15689}
		{C2121167-021C-4EA2-85A8-6E451213FC9B} = {1A659526-E59B-46E7-A09A-2FCA65ECC1E6}
		{A59B5F06-C443-4FB2-B051-0E1A771D74EF} = {1A659526-E59B-46E7-A09A-2FCA65ECC1E6}
		{D6CAB867-4611-4B76-BE8C-260D1E02F1A8} = {1A659526-E59B-46E7-A09A-2FCA65ECC1E6}
		{1D998DEC-0587-4168-98E6-F3469CD068E2} = {1A659526-E59B-46E7-A09A-2FCA65ECC1E6}
		{3949EAF2-0FFB-4B1B-84C6-C8BEAEE1656F} = {96F3F6C6-DD26-4555-A2D1-9F9C6BB15689}
		{CFCC86C1-CAE0-48B9-BC37-0F7E05943A47} = {96F3F6C6-DD26-4555-A2D1-9F9C6BB15689}
		{FD1C7CD7-A1C7-443F-9061-27F57238413B} = {CFCC86C1-CAE0-48B9-BC37-0F7E05943A47}
		{C42C0D8C-EE01-466A-8957-45AC7F485296} = {3949EAF2-0FFB-4B1B-84C6-C8BEAEE1656F}
		{D6D4F949-2969-4988-9B0E-49218B485133} = {C42C0D8C-EE01-466A-8957-45AC7F485296}
		{ED2E2451-A180-4482-B71B-33621AE80D56} = {C42C0D8C-EE01-466A-8957-45AC7F485296}
	EndGlobalSection
	GlobalSection(ExtensibilityGlobals) = postSolution
		SolutionGuid = {65456DA1-F5FE-4275-8D53-478134077B96}
	EndGlobalSection
EndGlobal
