<Solution>
  <Folder Name="/src/">
    <Project Path="src/DotNet.Sdk.Extensions.Testing/DotNet.Sdk.Extensions.Testing.csproj" />
    <Project Path="src/DotNet.Sdk.Extensions/DotNet.Sdk.Extensions.csproj" />
  </Folder>
  <Folder Name="/tests/">
    <Project Path="tests/DotNet.Sdk.Extensions.Testing.Tests/DotNet.Sdk.Extensions.Testing.Tests.csproj" />
    <Project Path="tests/DotNet.Sdk.Extensions.Tests/DotNet.Sdk.Extensions.Tests.csproj" />
  </Folder>
</Solution>
